
Microsoft Visual Studio Solution File, Format Version 12.00
# Visual Studio 15
Project("{FAE04EC0-301F-11D3-BF4B-00C04F79EFBC}") = "Assembly-CSharp", "Assembly-CSharp.csproj", "{327C7532-19AE-97C4-2504-BD33C7FFA60F}"
EndProject
Project("{FAE04EC0-301F-11D3-BF4B-00C04F79EFBC}") = "sc.vegetationspawner.runtime", "sc.vegetationspawner.runtime.csproj", "{9C1BD8CC-2D3D-E357-D93A-CADDB02C1F1B}"
EndProject
Project("{FAE04EC0-301F-11D3-BF4B-00C04F79EFBC}") = "Assembly-CSharp-Editor", "Assembly-CSharp-Editor.csproj", "{6CB564C6-671B-6968-BA0B-1ADD1DB43FD8}"
EndProject
Project("{FAE04EC0-301F-11D3-BF4B-00C04F79EFBC}") = "sc.vegetationspawner.editor", "sc.vegetationspawner.editor.csproj", "{0C95A0F4-EF67-E073-D070-3FB9662133F7}"
EndProject
Global
	GlobalSection(SolutionConfigurationPlatforms) = preSolution
		Debug|Any CPU = Debug|Any CPU
		Release|Any CPU = Release|Any CPU
	EndGlobalSection
	GlobalSection(ProjectConfigurationPlatforms) = postSolution
		{327C7532-19AE-97C4-2504-BD33C7FFA60F}.Debug|Any CPU.ActiveCfg = Debug|Any CPU
		{327C7532-19AE-97C4-2504-BD33C7FFA60F}.Debug|Any CPU.Build.0 = Debug|Any CPU
		{327C7532-19AE-97C4-2504-BD33C7FFA60F}.Release|Any CPU.ActiveCfg = Release|Any CPU
		{327C7532-19AE-97C4-2504-BD33C7FFA60F}.Release|Any CPU.Build.0 = Release|Any CPU
		{9C1BD8CC-2D3D-E357-D93A-CADDB02C1F1B}.Debug|Any CPU.ActiveCfg = Debug|Any CPU
		{9C1BD8CC-2D3D-E357-D93A-CADDB02C1F1B}.Debug|Any CPU.Build.0 = Debug|Any CPU
		{9C1BD8CC-2D3D-E357-D93A-CADDB02C1F1B}.Release|Any CPU.ActiveCfg = Release|Any CPU
		{9C1BD8CC-2D3D-E357-D93A-CADDB02C1F1B}.Release|Any CPU.Build.0 = Release|Any CPU
		{6CB564C6-671B-6968-BA0B-1ADD1DB43FD8}.Debug|Any CPU.ActiveCfg = Debug|Any CPU
		{6CB564C6-671B-6968-BA0B-1ADD1DB43FD8}.Debug|Any CPU.Build.0 = Debug|Any CPU
		{6CB564C6-671B-6968-BA0B-1ADD1DB43FD8}.Release|Any CPU.ActiveCfg = Release|Any CPU
		{6CB564C6-671B-6968-BA0B-1ADD1DB43FD8}.Release|Any CPU.Build.0 = Release|Any CPU
		{0C95A0F4-EF67-E073-D070-3FB9662133F7}.Debug|Any CPU.ActiveCfg = Debug|Any CPU
		{0C95A0F4-EF67-E073-D070-3FB9662133F7}.Debug|Any CPU.Build.0 = Debug|Any CPU
		{0C95A0F4-EF67-E073-D070-3FB9662133F7}.Release|Any CPU.ActiveCfg = Release|Any CPU
		{0C95A0F4-EF67-E073-D070-3FB9662133F7}.Release|Any CPU.Build.0 = Release|Any CPU
	EndGlobalSection
	GlobalSection(SolutionProperties) = preSolution
		HideSolutionNode = FALSE
	EndGlobalSection
EndGlobal
